
Microsoft Visual Studio Solution File, Format Version 12.00
# Visual Studio Version 16
VisualStudioVersion = 16.0.34114.132
MinimumVisualStudioVersion = 10.0.40219.1
Project("{FAE04EC0-301F-11D3-BF4B-00C04F79EFBC}") = "Hotel-Bengali", "Hotel-Bengali\Hotel-Bengali.csproj", "{23D88ED5-6595-4BB8-A572-B696A13434D8}"
EndProject
Global
	GlobalSection(SolutionConfigurationPlatforms) = preSolution
		Debug|Any CPU = Debug|Any CPU
		Release|Any CPU = Release|Any CPU
	EndGlobalSection
	GlobalSection(ProjectConfigurationPlatforms) = postSolution
		{23D88ED5-6595-4BB8-A572-B696A13434D8}.Debug|Any CPU.ActiveCfg = Debug|Any CPU
		{23D88ED5-6595-4BB8-A572-B696A13434D8}.Debug|Any CPU.Build.0 = Debug|Any CPU
		{23D88ED5-6595-4BB8-A572-B696A13434D8}.Release|Any CPU.ActiveCfg = Release|Any CPU
		{23D88ED5-6595-4BB8-A572-B696A13434D8}.Release|Any CPU.Build.0 = Release|Any CPU
	EndGlobalSection
	GlobalSection(SolutionProperties) = preSolution
		HideSolutionNode = FALSE
	EndGlobalSection
	GlobalSection(ExtensibilityGlobals) = postSolution
		SolutionGuid = {555E3837-3E76-4309-9888-8D912080E5E6}
	EndGlobalSection
EndGlobal
